
Microsoft Visual Studio Solution File, Format Version 12.00
# Visual Studio Version 17
VisualStudioVersion = 17.7.34009.444
MinimumVisualStudioVersion = 10.0.40219.1
Project("{9A19103F-16F7-4668-BE54-9A1E7A4F7556}") = "TestPlatform.API", "TestPlatform\TestPlatform.API.csproj", "{A9167183-E684-4211-8AB3-9BA8C2B3EC1F}"
EndProject
Project("{9A19103F-16F7-4668-BE54-9A1E7A4F7556}") = "TestPlatform.Domain", "TestPlatform.Domain\TestPlatform.Domain.csproj", "{DB12B6A8-C097-45DF-894A-AC02D7861D09}"
EndProject
Project("{9A19103F-16F7-4668-BE54-9A1E7A4F7556}") = "TestPlatform.Services", "TestPlatform.Services\TestPlatform.Services.csproj", "{B757F414-8F32-4285-8034-77388A06608B}"
EndProject
Project("{9A19103F-16F7-4668-BE54-9A1E7A4F7556}") = "TestPlatform.Infrastructure", "TestPlatform.Infrastructure\TestPlatform.Infrastructure.csproj", "{B41C76CA-9390-43C7-A08D-F955BBF9DFD0}"
EndProject
Project("{9A19103F-16F7-4668-BE54-9A1E7A4F7556}") = "TestPlatform.TelegramBot", "TestPlatform.TelegramBot\TestPlatform.TelegramBot.csproj", "{A7DBA1B7-9AE4-4EDF-982F-AE89A009937E}"
EndProject
Project("{FAE04EC0-301F-11D3-BF4B-00C04F79EFBC}") = "TestPlatform.Testing", "TestPlatform.Testing\TestPlatform.Testing.csproj", "{AFBD8225-F2BD-407C-A31A-5D65FB8B2793}"
EndProject
Global
	GlobalSection(SolutionConfigurationPlatforms) = preSolution
		Debug|Any CPU = Debug|Any CPU
		Release|Any CPU = Release|Any CPU
	EndGlobalSection
	GlobalSection(ProjectConfigurationPlatforms) = postSolution
		{A9167183-E684-4211-8AB3-9BA8C2B3EC1F}.Debug|Any CPU.ActiveCfg = Debug|Any CPU
		{A9167183-E684-4211-8AB3-9BA8C2B3EC1F}.Debug|Any CPU.Build.0 = Debug|Any CPU
		{A9167183-E684-4211-8AB3-9BA8C2B3EC1F}.Release|Any CPU.ActiveCfg = Release|Any CPU
		{A9167183-E684-4211-8AB3-9BA8C2B3EC1F}.Release|Any CPU.Build.0 = Release|Any CPU
		{DB12B6A8-C097-45DF-894A-AC02D7861D09}.Debug|Any CPU.ActiveCfg = Debug|Any CPU
		{DB12B6A8-C097-45DF-894A-AC02D7861D09}.Debug|Any CPU.Build.0 = Debug|Any CPU
		{DB12B6A8-C097-45DF-894A-AC02D7861D09}.Release|Any CPU.ActiveCfg = Release|Any CPU
		{DB12B6A8-C097-45DF-894A-AC02D7861D09}.Release|Any CPU.Build.0 = Release|Any CPU
		{B757F414-8F32-4285-8034-77388A06608B}.Debug|Any CPU.ActiveCfg = Debug|Any CPU
		{B757F414-8F32-4285-8034-77388A06608B}.Debug|Any CPU.Build.0 = Debug|Any CPU
		{B757F414-8F32-4285-8034-77388A06608B}.Release|Any CPU.ActiveCfg = Release|Any CPU
		{B757F414-8F32-4285-8034-77388A06608B}.Release|Any CPU.Build.0 = Release|Any CPU
		{B41C76CA-9390-43C7-A08D-F955BBF9DFD0}.Debug|Any CPU.ActiveCfg = Debug|Any CPU
		{B41C76CA-9390-43C7-A08D-F955BBF9DFD0}.Debug|Any CPU.Build.0 = Debug|Any CPU
		{B41C76CA-9390-43C7-A08D-F955BBF9DFD0}.Release|Any CPU.ActiveCfg = Release|Any CPU
		{B41C76CA-9390-43C7-A08D-F955BBF9DFD0}.Release|Any CPU.Build.0 = Release|Any CPU
		{A7DBA1B7-9AE4-4EDF-982F-AE89A009937E}.Debug|Any CPU.ActiveCfg = Debug|Any CPU
		{A7DBA1B7-9AE4-4EDF-982F-AE89A009937E}.Debug|Any CPU.Build.0 = Debug|Any CPU
		{A7DBA1B7-9AE4-4EDF-982F-AE89A009937E}.Release|Any CPU.ActiveCfg = Release|Any CPU
		{A7DBA1B7-9AE4-4EDF-982F-AE89A009937E}.Release|Any CPU.Build.0 = Release|Any CPU
		{AFBD8225-F2BD-407C-A31A-5D65FB8B2793}.Debug|Any CPU.ActiveCfg = Debug|Any CPU
		{AFBD8225-F2BD-407C-A31A-5D65FB8B2793}.Debug|Any CPU.Build.0 = Debug|Any CPU
		{AFBD8225-F2BD-407C-A31A-5D65FB8B2793}.Release|Any CPU.ActiveCfg = Release|Any CPU
		{AFBD8225-F2BD-407C-A31A-5D65FB8B2793}.Release|Any CPU.Build.0 = Release|Any CPU
	EndGlobalSection
	GlobalSection(SolutionProperties) = preSolution
		HideSolutionNode = FALSE
	EndGlobalSection
	GlobalSection(ExtensibilityGlobals) = postSolution
		SolutionGuid = {F65AE9A9-272A-4FED-905C-0A41E02FDF69}
	EndGlobalSection
EndGlobal
